
Microsoft Visual Studio Solution File, Format Version 12.00
# Visual Studio Version 17
VisualStudioVersion = 17.12.35707.178 d17.12
MinimumVisualStudioVersion = 10.0.40219.1
Project("{FAE04EC0-301F-11D3-BF4B-00C04F79EFBC}") = "DevIO.Business", "src\DevIO.Business\DevIO.Business.csproj", "{24197AB2-35E5-466F-BA88-8FEE62FA2B54}"
EndProject
Project("{FAE04EC0-301F-11D3-BF4B-00C04F79EFBC}") = "DevIO.Data", "src\DevIO.Data\DevIO.Data.csproj", "{993460F3-3425-4008-92C5-9CD147351247}"
EndProject
Project("{FAE04EC0-301F-11D3-BF4B-00C04F79EFBC}") = "DevIO.Api", "src\DevIO.Api\DevIO.Api.csproj", "{D8C0F959-7A99-4F9D-8801-91F5A12B8B13}"
EndProject
Global
	GlobalSection(SolutionConfigurationPlatforms) = preSolution
		Debug|Any CPU = Debug|Any CPU
		Release|Any CPU = Release|Any CPU
	EndGlobalSection
	GlobalSection(ProjectConfigurationPlatforms) = postSolution
		{24197AB2-35E5-466F-BA88-8FEE62FA2B54}.Debug|Any CPU.ActiveCfg = Debug|Any CPU
		{24197AB2-35E5-466F-BA88-8FEE62FA2B54}.Debug|Any CPU.Build.0 = Debug|Any CPU
		{24197AB2-35E5-466F-BA88-8FEE62FA2B54}.Release|Any CPU.ActiveCfg = Release|Any CPU
		{24197AB2-35E5-466F-BA88-8FEE62FA2B54}.Release|Any CPU.Build.0 = Release|Any CPU
		{993460F3-3425-4008-92C5-9CD147351247}.Debug|Any CPU.ActiveCfg = Debug|Any CPU
		{993460F3-3425-4008-92C5-9CD147351247}.Debug|Any CPU.Build.0 = Debug|Any CPU
		{993460F3-3425-4008-92C5-9CD147351247}.Release|Any CPU.ActiveCfg = Release|Any CPU
		{993460F3-3425-4008-92C5-9CD147351247}.Release|Any CPU.Build.0 = Release|Any CPU
		{D8C0F959-7A99-4F9D-8801-91F5A12B8B13}.Debug|Any CPU.ActiveCfg = Debug|Any CPU
		{D8C0F959-7A99-4F9D-8801-91F5A12B8B13}.Debug|Any CPU.Build.0 = Debug|Any CPU
		{D8C0F959-7A99-4F9D-8801-91F5A12B8B13}.Release|Any CPU.ActiveCfg = Release|Any CPU
		{D8C0F959-7A99-4F9D-8801-91F5A12B8B13}.Release|Any CPU.Build.0 = Release|Any CPU
	EndGlobalSection
	GlobalSection(SolutionProperties) = preSolution
		HideSolutionNode = FALSE
	EndGlobalSection
EndGlobal
